
Microsoft Visual Studio Solution File, Format Version 12.00
# Visual Studio 15
VisualStudioVersion = 15.0.26430.6
MinimumVisualStudioVersion = 10.0.40219.1
Project("{FAE04EC0-301F-11D3-BF4B-00C04F79EFBC}") = "Flowers.Forms.Android", "Flowers.Forms\Flowers.Forms.Android\Flowers.Forms.Android.csproj", "{87520461-9814-4137-B059-87EF849DCA15}"
EndProject
Project("{FAE04EC0-301F-11D3-BF4B-00C04F79EFBC}") = "Flowers.Forms", "Flowers.Forms\Flowers.Forms\Flowers.Forms.csproj", "{2DDE5A64-5B03-4519-9F00-B78EBD7D6659}"
EndProject
Project("{FAE04EC0-301F-11D3-BF4B-00C04F79EFBC}") = "Flowers.Forms.UWP", "Flowers.Forms\Flowers.Forms.UWP\Flowers.Forms.UWP.csproj", "{AD89A366-5540-4544-98C2-32FBA3987006}"
EndProject
Project("{FAE04EC0-301F-11D3-BF4B-00C04F79EFBC}") = "Flowers.Forms.iOS", "Flowers.Forms\Flowers.Forms.iOS\Flowers.Forms.iOS.csproj", "{76AD4C58-4558-4451-B9FD-76E91C1A5232}"
EndProject
Project("{2150E333-8FDC-42A3-9474-1A3956D46DE8}") = "Solution Items", "Solution Items", "{76DFB56F-D889-4D20-9AEF-E918FED22048}"
EndProject
Project("{FAE04EC0-301F-11D3-BF4B-00C04F79EFBC}") = "Flowers.Data", "Flowers.Data\Flowers.Data.csproj", "{89DB52EF-989A-4A0A-A834-877E54E9E016}"
EndProject
Global
	GlobalSection(SolutionConfigurationPlatforms) = preSolution
		Ad-Hoc|Any CPU = Ad-Hoc|Any CPU
		Ad-Hoc|ARM = Ad-Hoc|ARM
		Ad-Hoc|iPhone = Ad-Hoc|iPhone
		Ad-Hoc|iPhoneSimulator = Ad-Hoc|iPhoneSimulator
		Ad-Hoc|x64 = Ad-Hoc|x64
		Ad-Hoc|x86 = Ad-Hoc|x86
		AppStore|Any CPU = AppStore|Any CPU
		AppStore|ARM = AppStore|ARM
		AppStore|iPhone = AppStore|iPhone
		AppStore|iPhoneSimulator = AppStore|iPhoneSimulator
		AppStore|x64 = AppStore|x64
		AppStore|x86 = AppStore|x86
		Debug|Any CPU = Debug|Any CPU
		Debug|ARM = Debug|ARM
		Debug|iPhone = Debug|iPhone
		Debug|iPhoneSimulator = Debug|iPhoneSimulator
		Debug|x64 = Debug|x64
		Debug|x86 = Debug|x86
		Release|Any CPU = Release|Any CPU
		Release|ARM = Release|ARM
		Release|iPhone = Release|iPhone
		Release|iPhoneSimulator = Release|iPhoneSimulator
		Release|x64 = Release|x64
		Release|x86 = Release|x86
	EndGlobalSection
	GlobalSection(ProjectConfigurationPlatforms) = postSolution
		{87520461-9814-4137-B059-87EF849DCA15}.Ad-Hoc|Any CPU.ActiveCfg = Release|Any CPU
		{87520461-9814-4137-B059-87EF849DCA15}.Ad-Hoc|Any CPU.Build.0 = Release|Any CPU
		{87520461-9814-4137-B059-87EF849DCA15}.Ad-Hoc|Any CPU.Deploy.0 = Release|Any CPU
		{87520461-9814-4137-B059-87EF849DCA15}.Ad-Hoc|ARM.ActiveCfg = Release|Any CPU
		{87520461-9814-4137-B059-87EF849DCA15}.Ad-Hoc|ARM.Build.0 = Release|Any CPU
		{87520461-9814-4137-B059-87EF849DCA15}.Ad-Hoc|ARM.Deploy.0 = Release|Any CPU
		{87520461-9814-4137-B059-87EF849DCA15}.Ad-Hoc|iPhone.ActiveCfg = Release|Any CPU
		{87520461-9814-4137-B059-87EF849DCA15}.Ad-Hoc|iPhone.Build.0 = Release|Any CPU
		{87520461-9814-4137-B059-87EF849DCA15}.Ad-Hoc|iPhone.Deploy.0 = Release|Any CPU
		{87520461-9814-4137-B059-87EF849DCA15}.Ad-Hoc|iPhoneSimulator.ActiveCfg = Release|Any CPU
		{87520461-9814-4137-B059-87EF849DCA15}.Ad-Hoc|iPhoneSimulator.Build.0 = Release|Any CPU
		{87520461-9814-4137-B059-87EF849DCA15}.Ad-Hoc|iPhoneSimulator.Deploy.0 = Release|Any CPU
		{87520461-9814-4137-B059-87EF849DCA15}.Ad-Hoc|x64.ActiveCfg = Release|Any CPU
		{87520461-9814-4137-B059-87EF849DCA15}.Ad-Hoc|x64.Build.0 = Release|Any CPU
		{87520461-9814-4137-B059-87EF849DCA15}.Ad-Hoc|x64.Deploy.0 = Release|Any CPU
		{87520461-9814-4137-B059-87EF849DCA15}.Ad-Hoc|x86.ActiveCfg = Release|Any CPU
		{87520461-9814-4137-B059-87EF849DCA15}.Ad-Hoc|x86.Build.0 = Release|Any CPU
		{87520461-9814-4137-B059-87EF849DCA15}.Ad-Hoc|x86.Deploy.0 = Release|Any CPU
		{87520461-9814-4137-B059-87EF849DCA15}.AppStore|Any CPU.ActiveCfg = Release|Any CPU
		{87520461-9814-4137-B059-87EF849DCA15}.AppStore|Any CPU.Build.0 = Release|Any CPU
		{87520461-9814-4137-B059-87EF849DCA15}.AppStore|Any CPU.Deploy.0 = Release|Any CPU
		{87520461-9814-4137-B059-87EF849DCA15}.AppStore|ARM.ActiveCfg = Release|Any CPU
		{87520461-9814-4137-B059-87EF849DCA15}.AppStore|ARM.Build.0 = Release|Any CPU
		{87520461-9814-4137-B059-87EF849DCA15}.AppStore|ARM.Deploy.0 = Release|Any CPU
		{87520461-9814-4137-B059-87EF849DCA15}.AppStore|iPhone.ActiveCfg = Release|Any CPU
		{87520461-9814-4137-B059-87EF849DCA15}.AppStore|iPhone.Build.0 = Release|Any CPU
		{87520461-9814-4137-B059-87EF849DCA15}.AppStore|iPhone.Deploy.0 = Release|Any CPU
		{87520461-9814-4137-B059-87EF849DCA15}.AppStore|iPhoneSimulator.ActiveCfg = Release|Any CPU
		{87520461-9814-4137-B059-87EF849DCA15}.AppStore|iPhoneSimulator.Build.0 = Release|Any CPU
		{87520461-9814-4137-B059-87EF849DCA15}.AppStore|iPhoneSimulator.Deploy.0 = Release|Any CPU
		{87520461-9814-4137-B059-87EF849DCA15}.AppStore|x64.ActiveCfg = Release|Any CPU
		{87520461-9814-4137-B059-87EF849DCA15}.AppStore|x64.Build.0 = Release|Any CPU
		{87520461-9814-4137-B059-87EF849DCA15}.AppStore|x64.Deploy.0 = Release|Any CPU
		{87520461-9814-4137-B059-87EF849DCA15}.AppStore|x86.ActiveCfg = Release|Any CPU
		{87520461-9814-4137-B059-87EF849DCA15}.AppStore|x86.Build.0 = Release|Any CPU
		{87520461-9814-4137-B059-87EF849DCA15}.AppStore|x86.Deploy.0 = Release|Any CPU
		{87520461-9814-4137-B059-87EF849DCA15}.Debug|Any CPU.ActiveCfg = Debug|Any CPU
		{87520461-9814-4137-B059-87EF849DCA15}.Debug|Any CPU.Build.0 = Debug|Any CPU
		{87520461-9814-4137-B059-87EF849DCA15}.Debug|Any CPU.Deploy.0 = Debug|Any CPU
		{87520461-9814-4137-B059-87EF849DCA15}.Debug|ARM.ActiveCfg = Debug|Any CPU
		{87520461-9814-4137-B059-87EF849DCA15}.Debug|ARM.Build.0 = Debug|Any CPU
		{87520461-9814-4137-B059-87EF849DCA15}.Debug|ARM.Deploy.0 = Debug|Any CPU
		{87520461-9814-4137-B059-87EF849DCA15}.Debug|iPhone.ActiveCfg = Debug|Any CPU
		{87520461-9814-4137-B059-87EF849DCA15}.Debug|iPhone.Build.0 = Debug|Any CPU
		{87520461-9814-4137-B059-87EF849DCA15}.Debug|iPhone.Deploy.0 = Debug|Any CPU
		{87520461-9814-4137-B059-87EF849DCA15}.Debug|iPhoneSimulator.ActiveCfg = Debug|Any CPU
		{87520461-9814-4137-B059-87EF849DCA15}.Debug|iPhoneSimulator.Build.0 = Debug|Any CPU
		{87520461-9814-4137-B059-87EF849DCA15}.Debug|iPhoneSimulator.Deploy.0 = Debug|Any CPU
		{87520461-9814-4137-B059-87EF849DCA15}.Debug|x64.ActiveCfg = Debug|Any CPU
		{87520461-9814-4137-B059-87EF849DCA15}.Debug|x64.Build.0 = Debug|Any CPU
		{87520461-9814-4137-B059-87EF849DCA15}.Debug|x64.Deploy.0 = Debug|Any CPU
		{87520461-9814-4137-B059-87EF849DCA15}.Debug|x86.ActiveCfg = Debug|Any CPU
		{87520461-9814-4137-B059-87EF849DCA15}.Debug|x86.Build.0 = Debug|Any CPU
		{87520461-9814-4137-B059-87EF849DCA15}.Debug|x86.Deploy.0 = Debug|Any CPU
		{87520461-9814-4137-B059-87EF849DCA15}.Release|Any CPU.ActiveCfg = Release|Any CPU
		{87520461-9814-4137-B059-87EF849DCA15}.Release|Any CPU.Build.0 = Release|Any CPU
		{87520461-9814-4137-B059-87EF849DCA15}.Release|Any CPU.Deploy.0 = Release|Any CPU
		{87520461-9814-4137-B059-87EF849DCA15}.Release|ARM.ActiveCfg = Release|Any CPU
		{87520461-9814-4137-B059-87EF849DCA15}.Release|ARM.Build.0 = Release|Any CPU
		{87520461-9814-4137-B059-87EF849DCA15}.Release|ARM.Deploy.0 = Release|Any CPU
		{87520461-9814-4137-B059-87EF849DCA15}.Release|iPhone.ActiveCfg = Release|Any CPU
		{87520461-9814-4137-B059-87EF849DCA15}.Release|iPhone.Build.0 = Release|Any CPU
		{87520461-9814-4137-B059-87EF849DCA15}.Release|iPhone.Deploy.0 = Release|Any CPU
		{87520461-9814-4137-B059-87EF849DCA15}.Release|iPhoneSimulator.ActiveCfg = Release|Any CPU
		{87520461-9814-4137-B059-87EF849DCA15}.Release|iPhoneSimulator.Build.0 = Release|Any CPU
		{87520461-9814-4137-B059-87EF849DCA15}.Release|iPhoneSimulator.Deploy.0 = Release|Any CPU
		{87520461-9814-4137-B059-87EF849DCA15}.Release|x64.ActiveCfg = Release|Any CPU
		{87520461-9814-4137-B059-87EF849DCA15}.Release|x64.Build.0 = Release|Any CPU
		{87520461-9814-4137-B059-87EF849DCA15}.Release|x64.Deploy.0 = Release|Any CPU
		{87520461-9814-4137-B059-87EF849DCA15}.Release|x86.ActiveCfg = Release|Any CPU
		{87520461-9814-4137-B059-87EF849DCA15}.Release|x86.Build.0 = Release|Any CPU
		{87520461-9814-4137-B059-87EF849DCA15}.Release|x86.Deploy.0 = Release|Any CPU
		{2DDE5A64-5B03-4519-9F00-B78EBD7D6659}.Ad-Hoc|Any CPU.ActiveCfg = Release|Any CPU
		{2DDE5A64-5B03-4519-9F00-B78EBD7D6659}.Ad-Hoc|Any CPU.Build.0 = Release|Any CPU
		{2DDE5A64-5B03-4519-9F00-B78EBD7D6659}.Ad-Hoc|ARM.ActiveCfg = Release|Any CPU
		{2DDE5A64-5B03-4519-9F00-B78EBD7D6659}.Ad-Hoc|ARM.Build.0 = Release|Any CPU
		{2DDE5A64-5B03-4519-9F00-B78EBD7D6659}.Ad-Hoc|iPhone.ActiveCfg = Release|Any CPU
		{2DDE5A64-5B03-4519-9F00-B78EBD7D6659}.Ad-Hoc|iPhone.Build.0 = Release|Any CPU
		{2DDE5A64-5B03-4519-9F00-B78EBD7D6659}.Ad-Hoc|iPhoneSimulator.ActiveCfg = Release|Any CPU
		{2DDE5A64-5B03-4519-9F00-B78EBD7D6659}.Ad-Hoc|iPhoneSimulator.Build.0 = Release|Any CPU
		{2DDE5A64-5B03-4519-9F00-B78EBD7D6659}.Ad-Hoc|x64.ActiveCfg = Release|Any CPU
		{2DDE5A64-5B03-4519-9F00-B78EBD7D6659}.Ad-Hoc|x64.Build.0 = Release|Any CPU
		{2DDE5A64-5B03-4519-9F00-B78EBD7D6659}.Ad-Hoc|x86.ActiveCfg = Release|Any CPU
		{2DDE5A64-5B03-4519-9F00-B78EBD7D6659}.Ad-Hoc|x86.Build.0 = Release|Any CPU
		{2DDE5A64-5B03-4519-9F00-B78EBD7D6659}.AppStore|Any CPU.ActiveCfg = Release|Any CPU
		{2DDE5A64-5B03-4519-9F00-B78EBD7D6659}.AppStore|Any CPU.Build.0 = Release|Any CPU
		{2DDE5A64-5B03-4519-9F00-B78EBD7D6659}.AppStore|ARM.ActiveCfg = Release|Any CPU
		{2DDE5A64-5B03-4519-9F00-B78EBD7D6659}.AppStore|ARM.Build.0 = Release|Any CPU
		{2DDE5A64-5B03-4519-9F00-B78EBD7D6659}.AppStore|iPhone.ActiveCfg = Release|Any CPU
		{2DDE5A64-5B03-4519-9F00-B78EBD7D6659}.AppStore|iPhone.Build.0 = Release|Any CPU
		{2DDE5A64-5B03-4519-9F00-B78EBD7D6659}.AppStore|iPhoneSimulator.ActiveCfg = Release|Any CPU
		{2DDE5A64-5B03-4519-9F00-B78EBD7D6659}.AppStore|iPhoneSimulator.Build.0 = Release|Any CPU
		{2DDE5A64-5B03-4519-9F00-B78EBD7D6659}.AppStore|x64.ActiveCfg = Release|Any CPU
		{2DDE5A64-5B03-4519-9F00-B78EBD7D6659}.AppStore|x64.Build.0 = Release|Any CPU
		{2DDE5A64-5B03-4519-9F00-B78EBD7D6659}.AppStore|x86.ActiveCfg = Release|Any CPU
		{2DDE5A64-5B03-4519-9F00-B78EBD7D6659}.AppStore|x86.Build.0 = Release|Any CPU
		{2DDE5A64-5B03-4519-9F00-B78EBD7D6659}.Debug|Any CPU.ActiveCfg = Debug|Any CPU
		{2DDE5A64-5B03-4519-9F00-B78EBD7D6659}.Debug|Any CPU.Build.0 = Debug|Any CPU
		{2DDE5A64-5B03-4519-9F00-B78EBD7D6659}.Debug|ARM.ActiveCfg = Debug|Any CPU
		{2DDE5A64-5B03-4519-9F00-B78EBD7D6659}.Debug|ARM.Build.0 = Debug|Any CPU
		{2DDE5A64-5B03-4519-9F00-B78EBD7D6659}.Debug|iPhone.ActiveCfg = Debug|Any CPU
		{2DDE5A64-5B03-4519-9F00-B78EBD7D6659}.Debug|iPhone.Build.0 = Debug|Any CPU
		{2DDE5A64-5B03-4519-9F00-B78EBD7D6659}.Debug|iPhoneSimulator.ActiveCfg = Debug|Any CPU
		{2DDE5A64-5B03-4519-9F00-B78EBD7D6659}.Debug|iPhoneSimulator.Build.0 = Debug|Any CPU
		{2DDE5A64-5B03-4519-9F00-B78EBD7D6659}.Debug|x64.ActiveCfg = Debug|Any CPU
		{2DDE5A64-5B03-4519-9F00-B78EBD7D6659}.Debug|x64.Build.0 = Debug|Any CPU
		{2DDE5A64-5B03-4519-9F00-B78EBD7D6659}.Debug|x86.ActiveCfg = Debug|Any CPU
		{2DDE5A64-5B03-4519-9F00-B78EBD7D6659}.Debug|x86.Build.0 = Debug|Any CPU
		{2DDE5A64-5B03-4519-9F00-B78EBD7D6659}.Release|Any CPU.ActiveCfg = Release|Any CPU
		{2DDE5A64-5B03-4519-9F00-B78EBD7D6659}.Release|Any CPU.Build.0 = Release|Any CPU
		{2DDE5A64-5B03-4519-9F00-B78EBD7D6659}.Release|ARM.ActiveCfg = Release|Any CPU
		{2DDE5A64-5B03-4519-9F00-B78EBD7D6659}.Release|ARM.Build.0 = Release|Any CPU
		{2DDE5A64-5B03-4519-9F00-B78EBD7D6659}.Release|iPhone.ActiveCfg = Release|Any CPU
		{2DDE5A64-5B03-4519-9F00-B78EBD7D6659}.Release|iPhone.Build.0 = Release|Any CPU
		{2DDE5A64-5B03-4519-9F00-B78EBD7D6659}.Release|iPhoneSimulator.ActiveCfg = Release|Any CPU
		{2DDE5A64-5B03-4519-9F00-B78EBD7D6659}.Release|iPhoneSimulator.Build.0 = Release|Any CPU
		{2DDE5A64-5B03-4519-9F00-B78EBD7D6659}.Release|x64.ActiveCfg = Release|Any CPU
		{2DDE5A64-5B03-4519-9F00-B78EBD7D6659}.Release|x64.Build.0 = Release|Any CPU
		{2DDE5A64-5B03-4519-9F00-B78EBD7D6659}.Release|x86.ActiveCfg = Release|Any CPU
		{2DDE5A64-5B03-4519-9F00-B78EBD7D6659}.Release|x86.Build.0 = Release|Any CPU
		{AD89A366-5540-4544-98C2-32FBA3987006}.Ad-Hoc|Any CPU.ActiveCfg = Release|x86
		{AD89A366-5540-4544-98C2-32FBA3987006}.Ad-Hoc|Any CPU.Build.0 = Release|x86
		{AD89A366-5540-4544-98C2-32FBA3987006}.Ad-Hoc|Any CPU.Deploy.0 = Release|x86
		{AD89A366-5540-4544-98C2-32FBA3987006}.Ad-Hoc|ARM.ActiveCfg = Release|ARM
		{AD89A366-5540-4544-98C2-32FBA3987006}.Ad-Hoc|ARM.Build.0 = Release|ARM
		{AD89A366-5540-4544-98C2-32FBA3987006}.Ad-Hoc|ARM.Deploy.0 = Release|ARM
		{AD89A366-5540-4544-98C2-32FBA3987006}.Ad-Hoc|iPhone.ActiveCfg = Release|x86
		{AD89A366-5540-4544-98C2-32FBA3987006}.Ad-Hoc|iPhone.Build.0 = Release|x86
		{AD89A366-5540-4544-98C2-32FBA3987006}.Ad-Hoc|iPhone.Deploy.0 = Release|x86
		{AD89A366-5540-4544-98C2-32FBA3987006}.Ad-Hoc|iPhoneSimulator.ActiveCfg = Release|x86
		{AD89A366-5540-4544-98C2-32FBA3987006}.Ad-Hoc|iPhoneSimulator.Build.0 = Release|x86
		{AD89A366-5540-4544-98C2-32FBA3987006}.Ad-Hoc|iPhoneSimulator.Deploy.0 = Release|x86
		{AD89A366-5540-4544-98C2-32FBA3987006}.Ad-Hoc|x64.ActiveCfg = Release|x64
		{AD89A366-5540-4544-98C2-32FBA3987006}.Ad-Hoc|x64.Build.0 = Release|x64
		{AD89A366-5540-4544-98C2-32FBA3987006}.Ad-Hoc|x64.Deploy.0 = Release|x64
		{AD89A366-5540-4544-98C2-32FBA3987006}.Ad-Hoc|x86.ActiveCfg = Release|x86
		{AD89A366-5540-4544-98C2-32FBA3987006}.Ad-Hoc|x86.Build.0 = Release|x86
		{AD89A366-5540-4544-98C2-32FBA3987006}.Ad-Hoc|x86.Deploy.0 = Release|x86
		{AD89A366-5540-4544-98C2-32FBA3987006}.AppStore|Any CPU.ActiveCfg = Release|x86
		{AD89A366-5540-4544-98C2-32FBA3987006}.AppStore|Any CPU.Build.0 = Release|x86
		{AD89A366-5540-4544-98C2-32FBA3987006}.AppStore|Any CPU.Deploy.0 = Release|x86
		{AD89A366-5540-4544-98C2-32FBA3987006}.AppStore|ARM.ActiveCfg = Release|ARM
		{AD89A366-5540-4544-98C2-32FBA3987006}.AppStore|ARM.Build.0 = Release|ARM
		{AD89A366-5540-4544-98C2-32FBA3987006}.AppStore|ARM.Deploy.0 = Release|ARM
		{AD89A366-5540-4544-98C2-32FBA3987006}.AppStore|iPhone.ActiveCfg = Release|x86
		{AD89A366-5540-4544-98C2-32FBA3987006}.AppStore|iPhone.Build.0 = Release|x86
		{AD89A366-5540-4544-98C2-32FBA3987006}.AppStore|iPhone.Deploy.0 = Release|x86
		{AD89A366-5540-4544-98C2-32FBA3987006}.AppStore|iPhoneSimulator.ActiveCfg = Release|x86
		{AD89A366-5540-4544-98C2-32FBA3987006}.AppStore|iPhoneSimulator.Build.0 = Release|x86
		{AD89A366-5540-4544-98C2-32FBA3987006}.AppStore|iPhoneSimulator.Deploy.0 = Release|x86
		{AD89A366-5540-4544-98C2-32FBA3987006}.AppStore|x64.ActiveCfg = Release|x64
		{AD89A366-5540-4544-98C2-32FBA3987006}.AppStore|x64.Build.0 = Release|x64
		{AD89A366-5540-4544-98C2-32FBA3987006}.AppStore|x64.Deploy.0 = Release|x64
		{AD89A366-5540-4544-98C2-32FBA3987006}.AppStore|x86.ActiveCfg = Release|x86
		{AD89A366-5540-4544-98C2-32FBA3987006}.AppStore|x86.Build.0 = Release|x86
		{AD89A366-5540-4544-98C2-32FBA3987006}.AppStore|x86.Deploy.0 = Release|x86
		{AD89A366-5540-4544-98C2-32FBA3987006}.Debug|Any CPU.ActiveCfg = Debug|x86
		{AD89A366-5540-4544-98C2-32FBA3987006}.Debug|Any CPU.Build.0 = Debug|x86
		{AD89A366-5540-4544-98C2-32FBA3987006}.Debug|Any CPU.Deploy.0 = Debug|x86
		{AD89A366-5540-4544-98C2-32FBA3987006}.Debug|ARM.ActiveCfg = Debug|ARM
		{AD89A366-5540-4544-98C2-32FBA3987006}.Debug|ARM.Build.0 = Debug|ARM
		{AD89A366-5540-4544-98C2-32FBA3987006}.Debug|ARM.Deploy.0 = Debug|ARM
		{AD89A366-5540-4544-98C2-32FBA3987006}.Debug|iPhone.ActiveCfg = Debug|x86
		{AD89A366-5540-4544-98C2-32FBA3987006}.Debug|iPhoneSimulator.ActiveCfg = Debug|x86
		{AD89A366-5540-4544-98C2-32FBA3987006}.Debug|x64.ActiveCfg = Debug|x64
		{AD89A366-5540-4544-98C2-32FBA3987006}.Debug|x64.Build.0 = Debug|x64
		{AD89A366-5540-4544-98C2-32FBA3987006}.Debug|x64.Deploy.0 = Debug|x64
		{AD89A366-5540-4544-98C2-32FBA3987006}.Debug|x86.ActiveCfg = Debug|x86
		{AD89A366-5540-4544-98C2-32FBA3987006}.Debug|x86.Build.0 = Debug|x86
		{AD89A366-5540-4544-98C2-32FBA3987006}.Debug|x86.Deploy.0 = Debug|x86
		{AD89A366-5540-4544-98C2-32FBA3987006}.Release|Any CPU.ActiveCfg = Release|x86
		{AD89A366-5540-4544-98C2-32FBA3987006}.Release|ARM.ActiveCfg = Release|ARM
		{AD89A366-5540-4544-98C2-32FBA3987006}.Release|ARM.Build.0 = Release|ARM
		{AD89A366-5540-4544-98C2-32FBA3987006}.Release|ARM.Deploy.0 = Release|ARM
		{AD89A366-5540-4544-98C2-32FBA3987006}.Release|iPhone.ActiveCfg = Release|x86
		{AD89A366-5540-4544-98C2-32FBA3987006}.Release|iPhoneSimulator.ActiveCfg = Release|x86
		{AD89A366-5540-4544-98C2-32FBA3987006}.Release|x64.ActiveCfg = Release|x64
		{AD89A366-5540-4544-98C2-32FBA3987006}.Release|x64.Build.0 = Release|x64
		{AD89A366-5540-4544-98C2-32FBA3987006}.Release|x64.Deploy.0 = Release|x64
		{AD89A366-5540-4544-98C2-32FBA3987006}.Release|x86.ActiveCfg = Release|x86
		{AD89A366-5540-4544-98C2-32FBA3987006}.Release|x86.Build.0 = Release|x86
		{AD89A366-5540-4544-98C2-32FBA3987006}.Release|x86.Deploy.0 = Release|x86
		{76AD4C58-4558-4451-B9FD-76E91C1A5232}.Ad-Hoc|Any CPU.ActiveCfg = Ad-Hoc|iPhone
		{76AD4C58-4558-4451-B9FD-76E91C1A5232}.Ad-Hoc|ARM.ActiveCfg = Ad-Hoc|iPhone
		{76AD4C58-4558-4451-B9FD-76E91C1A5232}.Ad-Hoc|iPhone.ActiveCfg = Ad-Hoc|iPhone
		{76AD4C58-4558-4451-B9FD-76E91C1A5232}.Ad-Hoc|iPhone.Build.0 = Ad-Hoc|iPhone
		{76AD4C58-4558-4451-B9FD-76E91C1A5232}.Ad-Hoc|iPhoneSimulator.ActiveCfg = Ad-Hoc|iPhoneSimulator
		{76AD4C58-4558-4451-B9FD-76E91C1A5232}.Ad-Hoc|iPhoneSimulator.Build.0 = Ad-Hoc|iPhoneSimulator
		{76AD4C58-4558-4451-B9FD-76E91C1A5232}.Ad-Hoc|x64.ActiveCfg = Ad-Hoc|iPhone
		{76AD4C58-4558-4451-B9FD-76E91C1A5232}.Ad-Hoc|x86.ActiveCfg = Ad-Hoc|iPhone
		{76AD4C58-4558-4451-B9FD-76E91C1A5232}.AppStore|Any CPU.ActiveCfg = AppStore|iPhone
		{76AD4C58-4558-4451-B9FD-76E91C1A5232}.AppStore|ARM.ActiveCfg = AppStore|iPhone
		{76AD4C58-4558-4451-B9FD-76E91C1A5232}.AppStore|iPhone.ActiveCfg = AppStore|iPhone
		{76AD4C58-4558-4451-B9FD-76E91C1A5232}.AppStore|iPhone.Build.0 = AppStore|iPhone
		{76AD4C58-4558-4451-B9FD-76E91C1A5232}.AppStore|iPhoneSimulator.ActiveCfg = AppStore|iPhoneSimulator
		{76AD4C58-4558-4451-B9FD-76E91C1A5232}.AppStore|iPhoneSimulator.Build.0 = AppStore|iPhoneSimulator
		{76AD4C58-4558-4451-B9FD-76E91C1A5232}.AppStore|x64.ActiveCfg = AppStore|iPhone
		{76AD4C58-4558-4451-B9FD-76E91C1A5232}.AppStore|x86.ActiveCfg = AppStore|iPhone
		{76AD4C58-4558-4451-B9FD-76E91C1A5232}.Debug|Any CPU.ActiveCfg = Debug|iPhone
		{76AD4C58-4558-4451-B9FD-76E91C1A5232}.Debug|ARM.ActiveCfg = Debug|iPhone
		{76AD4C58-4558-4451-B9FD-76E91C1A5232}.Debug|iPhone.ActiveCfg = Debug|iPhone
		{76AD4C58-4558-4451-B9FD-76E91C1A5232}.Debug|iPhone.Build.0 = Debug|iPhone
		{76AD4C58-4558-4451-B9FD-76E91C1A5232}.Debug|iPhoneSimulator.ActiveCfg = Debug|iPhoneSimulator
		{76AD4C58-4558-4451-B9FD-76E91C1A5232}.Debug|iPhoneSimulator.Build.0 = Debug|iPhoneSimulator
		{76AD4C58-4558-4451-B9FD-76E91C1A5232}.Debug|x64.ActiveCfg = Debug|iPhone
		{76AD4C58-4558-4451-B9FD-76E91C1A5232}.Debug|x86.ActiveCfg = Debug|iPhone
		{76AD4C58-4558-4451-B9FD-76E91C1A5232}.Release|Any CPU.ActiveCfg = Release|iPhone
		{76AD4C58-4558-4451-B9FD-76E91C1A5232}.Release|ARM.ActiveCfg = Release|iPhone
		{76AD4C58-4558-4451-B9FD-76E91C1A5232}.Release|iPhone.ActiveCfg = Release|iPhone
		{76AD4C58-4558-4451-B9FD-76E91C1A5232}.Release|iPhone.Build.0 = Release|iPhone
		{76AD4C58-4558-4451-B9FD-76E91C1A5232}.Release|iPhoneSimulator.ActiveCfg = Release|iPhoneSimulator
		{76AD4C58-4558-4451-B9FD-76E91C1A5232}.Release|iPhoneSimulator.Build.0 = Release|iPhoneSimulator
		{76AD4C58-4558-4451-B9FD-76E91C1A5232}.Release|x64.ActiveCfg = Release|iPhone
		{76AD4C58-4558-4451-B9FD-76E91C1A5232}.Release|x86.ActiveCfg = Release|iPhone
		{89DB52EF-989A-4A0A-A834-877E54E9E016}.Ad-Hoc|Any CPU.ActiveCfg = Release|Any CPU
		{89DB52EF-989A-4A0A-A834-877E54E9E016}.Ad-Hoc|Any CPU.Build.0 = Release|Any CPU
		{89DB52EF-989A-4A0A-A834-877E54E9E016}.Ad-Hoc|ARM.ActiveCfg = Release|Any CPU
		{89DB52EF-989A-4A0A-A834-877E54E9E016}.Ad-Hoc|ARM.Build.0 = Release|Any CPU
		{89DB52EF-989A-4A0A-A834-877E54E9E016}.Ad-Hoc|iPhone.ActiveCfg = Release|Any CPU
		{89DB52EF-989A-4A0A-A834-877E54E9E016}.Ad-Hoc|iPhone.Build.0 = Release|Any CPU
		{89DB52EF-989A-4A0A-A834-877E54E9E016}.Ad-Hoc|iPhoneSimulator.ActiveCfg = Release|Any CPU
		{89DB52EF-989A-4A0A-A834-877E54E9E016}.Ad-Hoc|iPhoneSimulator.Build.0 = Release|Any CPU
		{89DB52EF-989A-4A0A-A834-877E54E9E016}.Ad-Hoc|x64.ActiveCfg = Release|Any CPU
		{89DB52EF-989A-4A0A-A834-877E54E9E016}.Ad-Hoc|x64.Build.0 = Release|Any CPU
		{89DB52EF-989A-4A0A-A834-877E54E9E016}.Ad-Hoc|x86.ActiveCfg = Release|Any CPU
		{89DB52EF-989A-4A0A-A834-877E54E9E016}.Ad-Hoc|x86.Build.0 = Release|Any CPU
		{89DB52EF-989A-4A0A-A834-877E54E9E016}.AppStore|Any CPU.ActiveCfg = Release|Any CPU
		{89DB52EF-989A-4A0A-A834-877E54E9E016}.AppStore|Any CPU.Build.0 = Release|Any CPU
		{89DB52EF-989A-4A0A-A834-877E54E9E016}.AppStore|ARM.ActiveCfg = Release|Any CPU
		{89DB52EF-989A-4A0A-A834-877E54E9E016}.AppStore|ARM.Build.0 = Release|Any CPU
		{89DB52EF-989A-4A0A-A834-877E54E9E016}.AppStore|iPhone.ActiveCfg = Release|Any CPU
		{89DB52EF-989A-4A0A-A834-877E54E9E016}.AppStore|iPhone.Build.0 = Release|Any CPU
		{89DB52EF-989A-4A0A-A834-877E54E9E016}.AppStore|iPhoneSimulator.ActiveCfg = Release|Any CPU
		{89DB52EF-989A-4A0A-A834-877E54E9E016}.AppStore|iPhoneSimulator.Build.0 = Release|Any CPU
		{89DB52EF-989A-4A0A-A834-877E54E9E016}.AppStore|x64.ActiveCfg = Release|Any CPU
		{89DB52EF-989A-4A0A-A834-877E54E9E016}.AppStore|x64.Build.0 = Release|Any CPU
		{89DB52EF-989A-4A0A-A834-877E54E9E016}.AppStore|x86.ActiveCfg = Release|Any CPU
		{89DB52EF-989A-4A0A-A834-877E54E9E016}.AppStore|x86.Build.0 = Release|Any CPU
		{89DB52EF-989A-4A0A-A834-877E54E9E016}.Debug|Any CPU.ActiveCfg = Debug|Any CPU
		{89DB52EF-989A-4A0A-A834-877E54E9E016}.Debug|Any CPU.Build.0 = Debug|Any CPU
		{89DB52EF-989A-4A0A-A834-877E54E9E016}.Debug|ARM.ActiveCfg = Debug|Any CPU
		{89DB52EF-989A-4A0A-A834-877E54E9E016}.Debug|ARM.Build.0 = Debug|Any CPU
		{89DB52EF-989A-4A0A-A834-877E54E9E016}.Debug|iPhone.ActiveCfg = Debug|Any CPU
		{89DB52EF-989A-4A0A-A834-877E54E9E016}.Debug|iPhone.Build.0 = Debug|Any CPU
		{89DB52EF-989A-4A0A-A834-877E54E9E016}.Debug|iPhoneSimulator.ActiveCfg = Debug|Any CPU
		{89DB52EF-989A-4A0A-A834-877E54E9E016}.Debug|iPhoneSimulator.Build.0 = Debug|Any CPU
		{89DB52EF-989A-4A0A-A834-877E54E9E016}.Debug|x64.ActiveCfg = Debug|Any CPU
		{89DB52EF-989A-4A0A-A834-877E54E9E016}.Debug|x64.Build.0 = Debug|Any CPU
		{89DB52EF-989A-4A0A-A834-877E54E9E016}.Debug|x86.ActiveCfg = Debug|Any CPU
		{89DB52EF-989A-4A0A-A834-877E54E9E016}.Debug|x86.Build.0 = Debug|Any CPU
		{89DB52EF-989A-4A0A-A834-877E54E9E016}.Release|Any CPU.ActiveCfg = Release|Any CPU
		{89DB52EF-989A-4A0A-A834-877E54E9E016}.Release|Any CPU.Build.0 = Release|Any CPU
		{89DB52EF-989A-4A0A-A834-877E54E9E016}.Release|ARM.ActiveCfg = Release|Any CPU
		{89DB52EF-989A-4A0A-A834-877E54E9E016}.Release|ARM.Build.0 = Release|Any CPU
		{89DB52EF-989A-4A0A-A834-877E54E9E016}.Release|iPhone.ActiveCfg = Release|Any CPU
		{89DB52EF-989A-4A0A-A834-877E54E9E016}.Release|iPhone.Build.0 = Release|Any CPU
		{89DB52EF-989A-4A0A-A834-877E54E9E016}.Release|iPhoneSimulator.ActiveCfg = Release|Any CPU
		{89DB52EF-989A-4A0A-A834-877E54E9E016}.Release|iPhoneSimulator.Build.0 = Release|Any CPU
		{89DB52EF-989A-4A0A-A834-877E54E9E016}.Release|x64.ActiveCfg = Release|Any CPU
		{89DB52EF-989A-4A0A-A834-877E54E9E016}.Release|x64.Build.0 = Release|Any CPU
		{89DB52EF-989A-4A0A-A834-877E54E9E016}.Release|x86.ActiveCfg = Release|Any CPU
		{89DB52EF-989A-4A0A-A834-877E54E9E016}.Release|x86.Build.0 = Release|Any CPU
	EndGlobalSection
	GlobalSection(SolutionProperties) = preSolution
		HideSolutionNode = FALSE
	EndGlobalSection
EndGlobal
