
Microsoft Visual Studio Solution File, Format Version 12.00
# Visual Studio 14
VisualStudioVersion = 14.0.25420.1
MinimumVisualStudioVersion = 10.0.40219.1
Project("{FAE04EC0-301F-11D3-BF4B-00C04F79EFBC}") = "Flowers.Data", "Flowers.Data\Flowers.Data.csproj", "{89DB52EF-989A-4A0A-A834-877E54E9E016}"
EndProject
Project("{FAE04EC0-301F-11D3-BF4B-00C04F79EFBC}") = "Flowers.Droid", "Flowers.Droid\Flowers.Droid.csproj", "{15D9AD96-9E60-4ACD-B44D-4E23782E7C2B}"
EndProject
Project("{FAE04EC0-301F-11D3-BF4B-00C04F79EFBC}") = "Flowers.Wpf", "Flowers.Wpf\Flowers.Wpf.csproj", "{C73D38BF-DFEC-4C21-8894-6C40B32830BA}"
EndProject
Project("{FAE04EC0-301F-11D3-BF4B-00C04F79EFBC}") = "Flowers.Wp", "Flowers.Wp\Flowers.Wp.csproj", "{F0019368-1A3D-4E84-AD1E-8A26CC159BF0}"
EndProject
Project("{FAE04EC0-301F-11D3-BF4B-00C04F79EFBC}") = "Flowers.iOS", "Flowers.iOS\Flowers.iOS.csproj", "{632364CB-6A9E-47AC-89CE-2BF34458C983}"
EndProject
Project("{FAE04EC0-301F-11D3-BF4B-00C04F79EFBC}") = "Flowers.Uwp", "Flowers.Uwp\Flowers.Uwp.csproj", "{6B979799-3CD4-42A3-B73F-0106B2E03359}"
EndProject
Global
	GlobalSection(SolutionConfigurationPlatforms) = preSolution
		Ad-Hoc|Any CPU = Ad-Hoc|Any CPU
		Ad-Hoc|ARM = Ad-Hoc|ARM
		Ad-Hoc|iPhone = Ad-Hoc|iPhone
		Ad-Hoc|iPhoneSimulator = Ad-Hoc|iPhoneSimulator
		Ad-Hoc|x64 = Ad-Hoc|x64
		Ad-Hoc|x86 = Ad-Hoc|x86
		AppStore|Any CPU = AppStore|Any CPU
		AppStore|ARM = AppStore|ARM
		AppStore|iPhone = AppStore|iPhone
		AppStore|iPhoneSimulator = AppStore|iPhoneSimulator
		AppStore|x64 = AppStore|x64
		AppStore|x86 = AppStore|x86
		Debug|Any CPU = Debug|Any CPU
		Debug|ARM = Debug|ARM
		Debug|iPhone = Debug|iPhone
		Debug|iPhoneSimulator = Debug|iPhoneSimulator
		Debug|x64 = Debug|x64
		Debug|x86 = Debug|x86
		Release|Any CPU = Release|Any CPU
		Release|ARM = Release|ARM
		Release|iPhone = Release|iPhone
		Release|iPhoneSimulator = Release|iPhoneSimulator
		Release|x64 = Release|x64
		Release|x86 = Release|x86
	EndGlobalSection
	GlobalSection(ProjectConfigurationPlatforms) = postSolution
		{89DB52EF-989A-4A0A-A834-877E54E9E016}.Ad-Hoc|Any CPU.ActiveCfg = Release|Any CPU
		{89DB52EF-989A-4A0A-A834-877E54E9E016}.Ad-Hoc|Any CPU.Build.0 = Release|Any CPU
		{89DB52EF-989A-4A0A-A834-877E54E9E016}.Ad-Hoc|ARM.ActiveCfg = Release|Any CPU
		{89DB52EF-989A-4A0A-A834-877E54E9E016}.Ad-Hoc|ARM.Build.0 = Release|Any CPU
		{89DB52EF-989A-4A0A-A834-877E54E9E016}.Ad-Hoc|iPhone.ActiveCfg = Release|Any CPU
		{89DB52EF-989A-4A0A-A834-877E54E9E016}.Ad-Hoc|iPhone.Build.0 = Release|Any CPU
		{89DB52EF-989A-4A0A-A834-877E54E9E016}.Ad-Hoc|iPhoneSimulator.ActiveCfg = Release|Any CPU
		{89DB52EF-989A-4A0A-A834-877E54E9E016}.Ad-Hoc|iPhoneSimulator.Build.0 = Release|Any CPU
		{89DB52EF-989A-4A0A-A834-877E54E9E016}.Ad-Hoc|x64.ActiveCfg = Debug|Any CPU
		{89DB52EF-989A-4A0A-A834-877E54E9E016}.Ad-Hoc|x64.Build.0 = Debug|Any CPU
		{89DB52EF-989A-4A0A-A834-877E54E9E016}.Ad-Hoc|x86.ActiveCfg = Release|Any CPU
		{89DB52EF-989A-4A0A-A834-877E54E9E016}.Ad-Hoc|x86.Build.0 = Release|Any CPU
		{89DB52EF-989A-4A0A-A834-877E54E9E016}.AppStore|Any CPU.ActiveCfg = Release|Any CPU
		{89DB52EF-989A-4A0A-A834-877E54E9E016}.AppStore|Any CPU.Build.0 = Release|Any CPU
		{89DB52EF-989A-4A0A-A834-877E54E9E016}.AppStore|ARM.ActiveCfg = Release|Any CPU
		{89DB52EF-989A-4A0A-A834-877E54E9E016}.AppStore|ARM.Build.0 = Release|Any CPU
		{89DB52EF-989A-4A0A-A834-877E54E9E016}.AppStore|iPhone.ActiveCfg = Release|Any CPU
		{89DB52EF-989A-4A0A-A834-877E54E9E016}.AppStore|iPhone.Build.0 = Release|Any CPU
		{89DB52EF-989A-4A0A-A834-877E54E9E016}.AppStore|iPhoneSimulator.ActiveCfg = Release|Any CPU
		{89DB52EF-989A-4A0A-A834-877E54E9E016}.AppStore|iPhoneSimulator.Build.0 = Release|Any CPU
		{89DB52EF-989A-4A0A-A834-877E54E9E016}.AppStore|x64.ActiveCfg = Debug|Any CPU
		{89DB52EF-989A-4A0A-A834-877E54E9E016}.AppStore|x64.Build.0 = Debug|Any CPU
		{89DB52EF-989A-4A0A-A834-877E54E9E016}.AppStore|x86.ActiveCfg = Release|Any CPU
		{89DB52EF-989A-4A0A-A834-877E54E9E016}.AppStore|x86.Build.0 = Release|Any CPU
		{89DB52EF-989A-4A0A-A834-877E54E9E016}.Debug|Any CPU.ActiveCfg = Debug|Any CPU
		{89DB52EF-989A-4A0A-A834-877E54E9E016}.Debug|Any CPU.Build.0 = Debug|Any CPU
		{89DB52EF-989A-4A0A-A834-877E54E9E016}.Debug|ARM.ActiveCfg = Debug|Any CPU
		{89DB52EF-989A-4A0A-A834-877E54E9E016}.Debug|ARM.Build.0 = Debug|Any CPU
		{89DB52EF-989A-4A0A-A834-877E54E9E016}.Debug|iPhone.ActiveCfg = Debug|Any CPU
		{89DB52EF-989A-4A0A-A834-877E54E9E016}.Debug|iPhone.Build.0 = Debug|Any CPU
		{89DB52EF-989A-4A0A-A834-877E54E9E016}.Debug|iPhoneSimulator.ActiveCfg = Debug|Any CPU
		{89DB52EF-989A-4A0A-A834-877E54E9E016}.Debug|iPhoneSimulator.Build.0 = Debug|Any CPU
		{89DB52EF-989A-4A0A-A834-877E54E9E016}.Debug|x64.ActiveCfg = Debug|Any CPU
		{89DB52EF-989A-4A0A-A834-877E54E9E016}.Debug|x64.Build.0 = Debug|Any CPU
		{89DB52EF-989A-4A0A-A834-877E54E9E016}.Debug|x86.ActiveCfg = Debug|Any CPU
		{89DB52EF-989A-4A0A-A834-877E54E9E016}.Debug|x86.Build.0 = Debug|Any CPU
		{89DB52EF-989A-4A0A-A834-877E54E9E016}.Release|Any CPU.ActiveCfg = Release|Any CPU
		{89DB52EF-989A-4A0A-A834-877E54E9E016}.Release|Any CPU.Build.0 = Release|Any CPU
		{89DB52EF-989A-4A0A-A834-877E54E9E016}.Release|ARM.ActiveCfg = Release|Any CPU
		{89DB52EF-989A-4A0A-A834-877E54E9E016}.Release|ARM.Build.0 = Release|Any CPU
		{89DB52EF-989A-4A0A-A834-877E54E9E016}.Release|iPhone.ActiveCfg = Release|Any CPU
		{89DB52EF-989A-4A0A-A834-877E54E9E016}.Release|iPhone.Build.0 = Release|Any CPU
		{89DB52EF-989A-4A0A-A834-877E54E9E016}.Release|iPhoneSimulator.ActiveCfg = Release|Any CPU
		{89DB52EF-989A-4A0A-A834-877E54E9E016}.Release|iPhoneSimulator.Build.0 = Release|Any CPU
		{89DB52EF-989A-4A0A-A834-877E54E9E016}.Release|x64.ActiveCfg = Release|Any CPU
		{89DB52EF-989A-4A0A-A834-877E54E9E016}.Release|x64.Build.0 = Release|Any CPU
		{89DB52EF-989A-4A0A-A834-877E54E9E016}.Release|x86.ActiveCfg = Release|Any CPU
		{89DB52EF-989A-4A0A-A834-877E54E9E016}.Release|x86.Build.0 = Release|Any CPU
		{15D9AD96-9E60-4ACD-B44D-4E23782E7C2B}.Ad-Hoc|Any CPU.ActiveCfg = Release|Any CPU
		{15D9AD96-9E60-4ACD-B44D-4E23782E7C2B}.Ad-Hoc|Any CPU.Build.0 = Release|Any CPU
		{15D9AD96-9E60-4ACD-B44D-4E23782E7C2B}.Ad-Hoc|Any CPU.Deploy.0 = Release|Any CPU
		{15D9AD96-9E60-4ACD-B44D-4E23782E7C2B}.Ad-Hoc|ARM.ActiveCfg = Release|Any CPU
		{15D9AD96-9E60-4ACD-B44D-4E23782E7C2B}.Ad-Hoc|ARM.Build.0 = Release|Any CPU
		{15D9AD96-9E60-4ACD-B44D-4E23782E7C2B}.Ad-Hoc|ARM.Deploy.0 = Release|Any CPU
		{15D9AD96-9E60-4ACD-B44D-4E23782E7C2B}.Ad-Hoc|iPhone.ActiveCfg = Release|Any CPU
		{15D9AD96-9E60-4ACD-B44D-4E23782E7C2B}.Ad-Hoc|iPhone.Build.0 = Release|Any CPU
		{15D9AD96-9E60-4ACD-B44D-4E23782E7C2B}.Ad-Hoc|iPhone.Deploy.0 = Release|Any CPU
		{15D9AD96-9E60-4ACD-B44D-4E23782E7C2B}.Ad-Hoc|iPhoneSimulator.ActiveCfg = Release|Any CPU
		{15D9AD96-9E60-4ACD-B44D-4E23782E7C2B}.Ad-Hoc|iPhoneSimulator.Build.0 = Release|Any CPU
		{15D9AD96-9E60-4ACD-B44D-4E23782E7C2B}.Ad-Hoc|iPhoneSimulator.Deploy.0 = Release|Any CPU
		{15D9AD96-9E60-4ACD-B44D-4E23782E7C2B}.Ad-Hoc|x64.ActiveCfg = Debug|Any CPU
		{15D9AD96-9E60-4ACD-B44D-4E23782E7C2B}.Ad-Hoc|x86.ActiveCfg = Release|Any CPU
		{15D9AD96-9E60-4ACD-B44D-4E23782E7C2B}.Ad-Hoc|x86.Build.0 = Release|Any CPU
		{15D9AD96-9E60-4ACD-B44D-4E23782E7C2B}.Ad-Hoc|x86.Deploy.0 = Release|Any CPU
		{15D9AD96-9E60-4ACD-B44D-4E23782E7C2B}.AppStore|Any CPU.ActiveCfg = Release|Any CPU
		{15D9AD96-9E60-4ACD-B44D-4E23782E7C2B}.AppStore|Any CPU.Build.0 = Release|Any CPU
		{15D9AD96-9E60-4ACD-B44D-4E23782E7C2B}.AppStore|Any CPU.Deploy.0 = Release|Any CPU
		{15D9AD96-9E60-4ACD-B44D-4E23782E7C2B}.AppStore|ARM.ActiveCfg = Release|Any CPU
		{15D9AD96-9E60-4ACD-B44D-4E23782E7C2B}.AppStore|ARM.Build.0 = Release|Any CPU
		{15D9AD96-9E60-4ACD-B44D-4E23782E7C2B}.AppStore|ARM.Deploy.0 = Release|Any CPU
		{15D9AD96-9E60-4ACD-B44D-4E23782E7C2B}.AppStore|iPhone.ActiveCfg = Release|Any CPU
		{15D9AD96-9E60-4ACD-B44D-4E23782E7C2B}.AppStore|iPhone.Build.0 = Release|Any CPU
		{15D9AD96-9E60-4ACD-B44D-4E23782E7C2B}.AppStore|iPhone.Deploy.0 = Release|Any CPU
		{15D9AD96-9E60-4ACD-B44D-4E23782E7C2B}.AppStore|iPhoneSimulator.ActiveCfg = Release|Any CPU
		{15D9AD96-9E60-4ACD-B44D-4E23782E7C2B}.AppStore|iPhoneSimulator.Build.0 = Release|Any CPU
		{15D9AD96-9E60-4ACD-B44D-4E23782E7C2B}.AppStore|iPhoneSimulator.Deploy.0 = Release|Any CPU
		{15D9AD96-9E60-4ACD-B44D-4E23782E7C2B}.AppStore|x64.ActiveCfg = Debug|Any CPU
		{15D9AD96-9E60-4ACD-B44D-4E23782E7C2B}.AppStore|x86.ActiveCfg = Release|Any CPU
		{15D9AD96-9E60-4ACD-B44D-4E23782E7C2B}.AppStore|x86.Build.0 = Release|Any CPU
		{15D9AD96-9E60-4ACD-B44D-4E23782E7C2B}.AppStore|x86.Deploy.0 = Release|Any CPU
		{15D9AD96-9E60-4ACD-B44D-4E23782E7C2B}.Debug|Any CPU.ActiveCfg = Debug|Any CPU
		{15D9AD96-9E60-4ACD-B44D-4E23782E7C2B}.Debug|Any CPU.Build.0 = Debug|Any CPU
		{15D9AD96-9E60-4ACD-B44D-4E23782E7C2B}.Debug|Any CPU.Deploy.0 = Debug|Any CPU
		{15D9AD96-9E60-4ACD-B44D-4E23782E7C2B}.Debug|ARM.ActiveCfg = Debug|Any CPU
		{15D9AD96-9E60-4ACD-B44D-4E23782E7C2B}.Debug|ARM.Build.0 = Debug|Any CPU
		{15D9AD96-9E60-4ACD-B44D-4E23782E7C2B}.Debug|ARM.Deploy.0 = Debug|Any CPU
		{15D9AD96-9E60-4ACD-B44D-4E23782E7C2B}.Debug|iPhone.ActiveCfg = Debug|Any CPU
		{15D9AD96-9E60-4ACD-B44D-4E23782E7C2B}.Debug|iPhone.Build.0 = Debug|Any CPU
		{15D9AD96-9E60-4ACD-B44D-4E23782E7C2B}.Debug|iPhone.Deploy.0 = Debug|Any CPU
		{15D9AD96-9E60-4ACD-B44D-4E23782E7C2B}.Debug|iPhoneSimulator.ActiveCfg = Debug|Any CPU
		{15D9AD96-9E60-4ACD-B44D-4E23782E7C2B}.Debug|iPhoneSimulator.Build.0 = Debug|Any CPU
		{15D9AD96-9E60-4ACD-B44D-4E23782E7C2B}.Debug|iPhoneSimulator.Deploy.0 = Debug|Any CPU
		{15D9AD96-9E60-4ACD-B44D-4E23782E7C2B}.Debug|x64.ActiveCfg = Debug|Any CPU
		{15D9AD96-9E60-4ACD-B44D-4E23782E7C2B}.Debug|x86.ActiveCfg = Debug|Any CPU
		{15D9AD96-9E60-4ACD-B44D-4E23782E7C2B}.Debug|x86.Build.0 = Debug|Any CPU
		{15D9AD96-9E60-4ACD-B44D-4E23782E7C2B}.Debug|x86.Deploy.0 = Debug|Any CPU
		{15D9AD96-9E60-4ACD-B44D-4E23782E7C2B}.Release|Any CPU.ActiveCfg = Release|Any CPU
		{15D9AD96-9E60-4ACD-B44D-4E23782E7C2B}.Release|Any CPU.Build.0 = Release|Any CPU
		{15D9AD96-9E60-4ACD-B44D-4E23782E7C2B}.Release|Any CPU.Deploy.0 = Release|Any CPU
		{15D9AD96-9E60-4ACD-B44D-4E23782E7C2B}.Release|ARM.ActiveCfg = Release|Any CPU
		{15D9AD96-9E60-4ACD-B44D-4E23782E7C2B}.Release|ARM.Build.0 = Release|Any CPU
		{15D9AD96-9E60-4ACD-B44D-4E23782E7C2B}.Release|ARM.Deploy.0 = Release|Any CPU
		{15D9AD96-9E60-4ACD-B44D-4E23782E7C2B}.Release|iPhone.ActiveCfg = Release|Any CPU
		{15D9AD96-9E60-4ACD-B44D-4E23782E7C2B}.Release|iPhone.Build.0 = Release|Any CPU
		{15D9AD96-9E60-4ACD-B44D-4E23782E7C2B}.Release|iPhone.Deploy.0 = Release|Any CPU
		{15D9AD96-9E60-4ACD-B44D-4E23782E7C2B}.Release|iPhoneSimulator.ActiveCfg = Release|Any CPU
		{15D9AD96-9E60-4ACD-B44D-4E23782E7C2B}.Release|iPhoneSimulator.Build.0 = Release|Any CPU
		{15D9AD96-9E60-4ACD-B44D-4E23782E7C2B}.Release|iPhoneSimulator.Deploy.0 = Release|Any CPU
		{15D9AD96-9E60-4ACD-B44D-4E23782E7C2B}.Release|x64.ActiveCfg = Release|Any CPU
		{15D9AD96-9E60-4ACD-B44D-4E23782E7C2B}.Release|x86.ActiveCfg = Release|Any CPU
		{15D9AD96-9E60-4ACD-B44D-4E23782E7C2B}.Release|x86.Build.0 = Release|Any CPU
		{15D9AD96-9E60-4ACD-B44D-4E23782E7C2B}.Release|x86.Deploy.0 = Release|Any CPU
		{C73D38BF-DFEC-4C21-8894-6C40B32830BA}.Ad-Hoc|Any CPU.ActiveCfg = Release|Any CPU
		{C73D38BF-DFEC-4C21-8894-6C40B32830BA}.Ad-Hoc|Any CPU.Build.0 = Release|Any CPU
		{C73D38BF-DFEC-4C21-8894-6C40B32830BA}.Ad-Hoc|ARM.ActiveCfg = Release|Any CPU
		{C73D38BF-DFEC-4C21-8894-6C40B32830BA}.Ad-Hoc|ARM.Build.0 = Release|Any CPU
		{C73D38BF-DFEC-4C21-8894-6C40B32830BA}.Ad-Hoc|iPhone.ActiveCfg = Release|Any CPU
		{C73D38BF-DFEC-4C21-8894-6C40B32830BA}.Ad-Hoc|iPhone.Build.0 = Release|Any CPU
		{C73D38BF-DFEC-4C21-8894-6C40B32830BA}.Ad-Hoc|iPhoneSimulator.ActiveCfg = Release|Any CPU
		{C73D38BF-DFEC-4C21-8894-6C40B32830BA}.Ad-Hoc|iPhoneSimulator.Build.0 = Release|Any CPU
		{C73D38BF-DFEC-4C21-8894-6C40B32830BA}.Ad-Hoc|x64.ActiveCfg = Debug|Any CPU
		{C73D38BF-DFEC-4C21-8894-6C40B32830BA}.Ad-Hoc|x86.ActiveCfg = Release|Any CPU
		{C73D38BF-DFEC-4C21-8894-6C40B32830BA}.Ad-Hoc|x86.Build.0 = Release|Any CPU
		{C73D38BF-DFEC-4C21-8894-6C40B32830BA}.AppStore|Any CPU.ActiveCfg = Release|Any CPU
		{C73D38BF-DFEC-4C21-8894-6C40B32830BA}.AppStore|Any CPU.Build.0 = Release|Any CPU
		{C73D38BF-DFEC-4C21-8894-6C40B32830BA}.AppStore|ARM.ActiveCfg = Release|Any CPU
		{C73D38BF-DFEC-4C21-8894-6C40B32830BA}.AppStore|ARM.Build.0 = Release|Any CPU
		{C73D38BF-DFEC-4C21-8894-6C40B32830BA}.AppStore|iPhone.ActiveCfg = Release|Any CPU
		{C73D38BF-DFEC-4C21-8894-6C40B32830BA}.AppStore|iPhone.Build.0 = Release|Any CPU
		{C73D38BF-DFEC-4C21-8894-6C40B32830BA}.AppStore|iPhoneSimulator.ActiveCfg = Release|Any CPU
		{C73D38BF-DFEC-4C21-8894-6C40B32830BA}.AppStore|iPhoneSimulator.Build.0 = Release|Any CPU
		{C73D38BF-DFEC-4C21-8894-6C40B32830BA}.AppStore|x64.ActiveCfg = Debug|Any CPU
		{C73D38BF-DFEC-4C21-8894-6C40B32830BA}.AppStore|x86.ActiveCfg = Release|Any CPU
		{C73D38BF-DFEC-4C21-8894-6C40B32830BA}.AppStore|x86.Build.0 = Release|Any CPU
		{C73D38BF-DFEC-4C21-8894-6C40B32830BA}.Debug|Any CPU.ActiveCfg = Debug|Any CPU
		{C73D38BF-DFEC-4C21-8894-6C40B32830BA}.Debug|Any CPU.Build.0 = Debug|Any CPU
		{C73D38BF-DFEC-4C21-8894-6C40B32830BA}.Debug|ARM.ActiveCfg = Debug|Any CPU
		{C73D38BF-DFEC-4C21-8894-6C40B32830BA}.Debug|ARM.Build.0 = Debug|Any CPU
		{C73D38BF-DFEC-4C21-8894-6C40B32830BA}.Debug|iPhone.ActiveCfg = Debug|Any CPU
		{C73D38BF-DFEC-4C21-8894-6C40B32830BA}.Debug|iPhone.Build.0 = Debug|Any CPU
		{C73D38BF-DFEC-4C21-8894-6C40B32830BA}.Debug|iPhoneSimulator.ActiveCfg = Debug|Any CPU
		{C73D38BF-DFEC-4C21-8894-6C40B32830BA}.Debug|iPhoneSimulator.Build.0 = Debug|Any CPU
		{C73D38BF-DFEC-4C21-8894-6C40B32830BA}.Debug|x64.ActiveCfg = Debug|Any CPU
		{C73D38BF-DFEC-4C21-8894-6C40B32830BA}.Debug|x86.ActiveCfg = Debug|Any CPU
		{C73D38BF-DFEC-4C21-8894-6C40B32830BA}.Debug|x86.Build.0 = Debug|Any CPU
		{C73D38BF-DFEC-4C21-8894-6C40B32830BA}.Release|Any CPU.ActiveCfg = Release|Any CPU
		{C73D38BF-DFEC-4C21-8894-6C40B32830BA}.Release|Any CPU.Build.0 = Release|Any CPU
		{C73D38BF-DFEC-4C21-8894-6C40B32830BA}.Release|ARM.ActiveCfg = Release|Any CPU
		{C73D38BF-DFEC-4C21-8894-6C40B32830BA}.Release|ARM.Build.0 = Release|Any CPU
		{C73D38BF-DFEC-4C21-8894-6C40B32830BA}.Release|iPhone.ActiveCfg = Release|Any CPU
		{C73D38BF-DFEC-4C21-8894-6C40B32830BA}.Release|iPhone.Build.0 = Release|Any CPU
		{C73D38BF-DFEC-4C21-8894-6C40B32830BA}.Release|iPhoneSimulator.ActiveCfg = Release|Any CPU
		{C73D38BF-DFEC-4C21-8894-6C40B32830BA}.Release|iPhoneSimulator.Build.0 = Release|Any CPU
		{C73D38BF-DFEC-4C21-8894-6C40B32830BA}.Release|x64.ActiveCfg = Release|Any CPU
		{C73D38BF-DFEC-4C21-8894-6C40B32830BA}.Release|x86.ActiveCfg = Release|Any CPU
		{C73D38BF-DFEC-4C21-8894-6C40B32830BA}.Release|x86.Build.0 = Release|Any CPU
		{F0019368-1A3D-4E84-AD1E-8A26CC159BF0}.Ad-Hoc|Any CPU.ActiveCfg = Release|Any CPU
		{F0019368-1A3D-4E84-AD1E-8A26CC159BF0}.Ad-Hoc|Any CPU.Build.0 = Release|Any CPU
		{F0019368-1A3D-4E84-AD1E-8A26CC159BF0}.Ad-Hoc|Any CPU.Deploy.0 = Release|Any CPU
		{F0019368-1A3D-4E84-AD1E-8A26CC159BF0}.Ad-Hoc|ARM.ActiveCfg = Release|ARM
		{F0019368-1A3D-4E84-AD1E-8A26CC159BF0}.Ad-Hoc|ARM.Build.0 = Release|ARM
		{F0019368-1A3D-4E84-AD1E-8A26CC159BF0}.Ad-Hoc|ARM.Deploy.0 = Release|ARM
		{F0019368-1A3D-4E84-AD1E-8A26CC159BF0}.Ad-Hoc|iPhone.ActiveCfg = Release|Any CPU
		{F0019368-1A3D-4E84-AD1E-8A26CC159BF0}.Ad-Hoc|iPhone.Build.0 = Release|Any CPU
		{F0019368-1A3D-4E84-AD1E-8A26CC159BF0}.Ad-Hoc|iPhone.Deploy.0 = Release|Any CPU
		{F0019368-1A3D-4E84-AD1E-8A26CC159BF0}.Ad-Hoc|iPhoneSimulator.ActiveCfg = Release|Any CPU
		{F0019368-1A3D-4E84-AD1E-8A26CC159BF0}.Ad-Hoc|iPhoneSimulator.Build.0 = Release|Any CPU
		{F0019368-1A3D-4E84-AD1E-8A26CC159BF0}.Ad-Hoc|iPhoneSimulator.Deploy.0 = Release|Any CPU
		{F0019368-1A3D-4E84-AD1E-8A26CC159BF0}.Ad-Hoc|x64.ActiveCfg = Debug|Any CPU
		{F0019368-1A3D-4E84-AD1E-8A26CC159BF0}.Ad-Hoc|x86.ActiveCfg = Release|x86
		{F0019368-1A3D-4E84-AD1E-8A26CC159BF0}.Ad-Hoc|x86.Build.0 = Release|x86
		{F0019368-1A3D-4E84-AD1E-8A26CC159BF0}.Ad-Hoc|x86.Deploy.0 = Release|x86
		{F0019368-1A3D-4E84-AD1E-8A26CC159BF0}.AppStore|Any CPU.ActiveCfg = Release|Any CPU
		{F0019368-1A3D-4E84-AD1E-8A26CC159BF0}.AppStore|Any CPU.Build.0 = Release|Any CPU
		{F0019368-1A3D-4E84-AD1E-8A26CC159BF0}.AppStore|Any CPU.Deploy.0 = Release|Any CPU
		{F0019368-1A3D-4E84-AD1E-8A26CC159BF0}.AppStore|ARM.ActiveCfg = Release|ARM
		{F0019368-1A3D-4E84-AD1E-8A26CC159BF0}.AppStore|ARM.Build.0 = Release|ARM
		{F0019368-1A3D-4E84-AD1E-8A26CC159BF0}.AppStore|ARM.Deploy.0 = Release|ARM
		{F0019368-1A3D-4E84-AD1E-8A26CC159BF0}.AppStore|iPhone.ActiveCfg = Release|Any CPU
		{F0019368-1A3D-4E84-AD1E-8A26CC159BF0}.AppStore|iPhone.Build.0 = Release|Any CPU
		{F0019368-1A3D-4E84-AD1E-8A26CC159BF0}.AppStore|iPhone.Deploy.0 = Release|Any CPU
		{F0019368-1A3D-4E84-AD1E-8A26CC159BF0}.AppStore|iPhoneSimulator.ActiveCfg = Release|Any CPU
		{F0019368-1A3D-4E84-AD1E-8A26CC159BF0}.AppStore|iPhoneSimulator.Build.0 = Release|Any CPU
		{F0019368-1A3D-4E84-AD1E-8A26CC159BF0}.AppStore|iPhoneSimulator.Deploy.0 = Release|Any CPU
		{F0019368-1A3D-4E84-AD1E-8A26CC159BF0}.AppStore|x64.ActiveCfg = Debug|Any CPU
		{F0019368-1A3D-4E84-AD1E-8A26CC159BF0}.AppStore|x86.ActiveCfg = Release|x86
		{F0019368-1A3D-4E84-AD1E-8A26CC159BF0}.AppStore|x86.Build.0 = Release|x86
		{F0019368-1A3D-4E84-AD1E-8A26CC159BF0}.AppStore|x86.Deploy.0 = Release|x86
		{F0019368-1A3D-4E84-AD1E-8A26CC159BF0}.Debug|Any CPU.ActiveCfg = Debug|Any CPU
		{F0019368-1A3D-4E84-AD1E-8A26CC159BF0}.Debug|Any CPU.Build.0 = Debug|Any CPU
		{F0019368-1A3D-4E84-AD1E-8A26CC159BF0}.Debug|Any CPU.Deploy.0 = Debug|Any CPU
		{F0019368-1A3D-4E84-AD1E-8A26CC159BF0}.Debug|ARM.ActiveCfg = Debug|ARM
		{F0019368-1A3D-4E84-AD1E-8A26CC159BF0}.Debug|ARM.Build.0 = Debug|ARM
		{F0019368-1A3D-4E84-AD1E-8A26CC159BF0}.Debug|ARM.Deploy.0 = Debug|ARM
		{F0019368-1A3D-4E84-AD1E-8A26CC159BF0}.Debug|iPhone.ActiveCfg = Debug|Any CPU
		{F0019368-1A3D-4E84-AD1E-8A26CC159BF0}.Debug|iPhone.Build.0 = Debug|Any CPU
		{F0019368-1A3D-4E84-AD1E-8A26CC159BF0}.Debug|iPhone.Deploy.0 = Debug|Any CPU
		{F0019368-1A3D-4E84-AD1E-8A26CC159BF0}.Debug|iPhoneSimulator.ActiveCfg = Debug|Any CPU
		{F0019368-1A3D-4E84-AD1E-8A26CC159BF0}.Debug|iPhoneSimulator.Build.0 = Debug|Any CPU
		{F0019368-1A3D-4E84-AD1E-8A26CC159BF0}.Debug|iPhoneSimulator.Deploy.0 = Debug|Any CPU
		{F0019368-1A3D-4E84-AD1E-8A26CC159BF0}.Debug|x64.ActiveCfg = Debug|Any CPU
		{F0019368-1A3D-4E84-AD1E-8A26CC159BF0}.Debug|x86.ActiveCfg = Debug|x86
		{F0019368-1A3D-4E84-AD1E-8A26CC159BF0}.Debug|x86.Build.0 = Debug|x86
		{F0019368-1A3D-4E84-AD1E-8A26CC159BF0}.Debug|x86.Deploy.0 = Debug|x86
		{F0019368-1A3D-4E84-AD1E-8A26CC159BF0}.Release|Any CPU.ActiveCfg = Release|Any CPU
		{F0019368-1A3D-4E84-AD1E-8A26CC159BF0}.Release|Any CPU.Build.0 = Release|Any CPU
		{F0019368-1A3D-4E84-AD1E-8A26CC159BF0}.Release|Any CPU.Deploy.0 = Release|Any CPU
		{F0019368-1A3D-4E84-AD1E-8A26CC159BF0}.Release|ARM.ActiveCfg = Release|ARM
		{F0019368-1A3D-4E84-AD1E-8A26CC159BF0}.Release|ARM.Build.0 = Release|ARM
		{F0019368-1A3D-4E84-AD1E-8A26CC159BF0}.Release|ARM.Deploy.0 = Release|ARM
		{F0019368-1A3D-4E84-AD1E-8A26CC159BF0}.Release|iPhone.ActiveCfg = Release|Any CPU
		{F0019368-1A3D-4E84-AD1E-8A26CC159BF0}.Release|iPhone.Build.0 = Release|Any CPU
		{F0019368-1A3D-4E84-AD1E-8A26CC159BF0}.Release|iPhone.Deploy.0 = Release|Any CPU
		{F0019368-1A3D-4E84-AD1E-8A26CC159BF0}.Release|iPhoneSimulator.ActiveCfg = Release|Any CPU
		{F0019368-1A3D-4E84-AD1E-8A26CC159BF0}.Release|iPhoneSimulator.Build.0 = Release|Any CPU
		{F0019368-1A3D-4E84-AD1E-8A26CC159BF0}.Release|iPhoneSimulator.Deploy.0 = Release|Any CPU
		{F0019368-1A3D-4E84-AD1E-8A26CC159BF0}.Release|x64.ActiveCfg = Release|Any CPU
		{F0019368-1A3D-4E84-AD1E-8A26CC159BF0}.Release|x86.ActiveCfg = Release|x86
		{F0019368-1A3D-4E84-AD1E-8A26CC159BF0}.Release|x86.Build.0 = Release|x86
		{F0019368-1A3D-4E84-AD1E-8A26CC159BF0}.Release|x86.Deploy.0 = Release|x86
		{632364CB-6A9E-47AC-89CE-2BF34458C983}.Ad-Hoc|Any CPU.ActiveCfg = Ad-Hoc|iPhone
		{632364CB-6A9E-47AC-89CE-2BF34458C983}.Ad-Hoc|ARM.ActiveCfg = Ad-Hoc|iPhone
		{632364CB-6A9E-47AC-89CE-2BF34458C983}.Ad-Hoc|iPhone.ActiveCfg = Ad-Hoc|iPhone
		{632364CB-6A9E-47AC-89CE-2BF34458C983}.Ad-Hoc|iPhone.Build.0 = Ad-Hoc|iPhone
		{632364CB-6A9E-47AC-89CE-2BF34458C983}.Ad-Hoc|iPhoneSimulator.ActiveCfg = Ad-Hoc|iPhoneSimulator
		{632364CB-6A9E-47AC-89CE-2BF34458C983}.Ad-Hoc|iPhoneSimulator.Build.0 = Ad-Hoc|iPhoneSimulator
		{632364CB-6A9E-47AC-89CE-2BF34458C983}.Ad-Hoc|x64.ActiveCfg = Ad-Hoc|iPhoneSimulator
		{632364CB-6A9E-47AC-89CE-2BF34458C983}.Ad-Hoc|x86.ActiveCfg = Ad-Hoc|iPhone
		{632364CB-6A9E-47AC-89CE-2BF34458C983}.AppStore|Any CPU.ActiveCfg = AppStore|iPhone
		{632364CB-6A9E-47AC-89CE-2BF34458C983}.AppStore|ARM.ActiveCfg = AppStore|iPhone
		{632364CB-6A9E-47AC-89CE-2BF34458C983}.AppStore|iPhone.ActiveCfg = AppStore|iPhone
		{632364CB-6A9E-47AC-89CE-2BF34458C983}.AppStore|iPhone.Build.0 = AppStore|iPhone
		{632364CB-6A9E-47AC-89CE-2BF34458C983}.AppStore|iPhoneSimulator.ActiveCfg = AppStore|iPhoneSimulator
		{632364CB-6A9E-47AC-89CE-2BF34458C983}.AppStore|iPhoneSimulator.Build.0 = AppStore|iPhoneSimulator
		{632364CB-6A9E-47AC-89CE-2BF34458C983}.AppStore|x64.ActiveCfg = AppStore|iPhoneSimulator
		{632364CB-6A9E-47AC-89CE-2BF34458C983}.AppStore|x86.ActiveCfg = AppStore|iPhone
		{632364CB-6A9E-47AC-89CE-2BF34458C983}.Debug|Any CPU.ActiveCfg = Debug|iPhone
		{632364CB-6A9E-47AC-89CE-2BF34458C983}.Debug|ARM.ActiveCfg = Debug|iPhone
		{632364CB-6A9E-47AC-89CE-2BF34458C983}.Debug|iPhone.ActiveCfg = Debug|iPhone
		{632364CB-6A9E-47AC-89CE-2BF34458C983}.Debug|iPhone.Build.0 = Debug|iPhone
		{632364CB-6A9E-47AC-89CE-2BF34458C983}.Debug|iPhoneSimulator.ActiveCfg = Debug|iPhoneSimulator
		{632364CB-6A9E-47AC-89CE-2BF34458C983}.Debug|iPhoneSimulator.Build.0 = Debug|iPhoneSimulator
		{632364CB-6A9E-47AC-89CE-2BF34458C983}.Debug|x64.ActiveCfg = Debug|iPhoneSimulator
		{632364CB-6A9E-47AC-89CE-2BF34458C983}.Debug|x86.ActiveCfg = Debug|iPhone
		{632364CB-6A9E-47AC-89CE-2BF34458C983}.Release|Any CPU.ActiveCfg = Release|iPhone
		{632364CB-6A9E-47AC-89CE-2BF34458C983}.Release|ARM.ActiveCfg = Release|iPhone
		{632364CB-6A9E-47AC-89CE-2BF34458C983}.Release|iPhone.ActiveCfg = Release|iPhone
		{632364CB-6A9E-47AC-89CE-2BF34458C983}.Release|iPhone.Build.0 = Release|iPhone
		{632364CB-6A9E-47AC-89CE-2BF34458C983}.Release|iPhoneSimulator.ActiveCfg = Release|iPhoneSimulator
		{632364CB-6A9E-47AC-89CE-2BF34458C983}.Release|iPhoneSimulator.Build.0 = Release|iPhoneSimulator
		{632364CB-6A9E-47AC-89CE-2BF34458C983}.Release|x64.ActiveCfg = Release|iPhoneSimulator
		{632364CB-6A9E-47AC-89CE-2BF34458C983}.Release|x86.ActiveCfg = Release|iPhone
		{6B979799-3CD4-42A3-B73F-0106B2E03359}.Ad-Hoc|Any CPU.ActiveCfg = Release|x64
		{6B979799-3CD4-42A3-B73F-0106B2E03359}.Ad-Hoc|Any CPU.Build.0 = Release|x64
		{6B979799-3CD4-42A3-B73F-0106B2E03359}.Ad-Hoc|Any CPU.Deploy.0 = Release|x64
		{6B979799-3CD4-42A3-B73F-0106B2E03359}.Ad-Hoc|ARM.ActiveCfg = Release|ARM
		{6B979799-3CD4-42A3-B73F-0106B2E03359}.Ad-Hoc|ARM.Build.0 = Release|ARM
		{6B979799-3CD4-42A3-B73F-0106B2E03359}.Ad-Hoc|ARM.Deploy.0 = Release|ARM
		{6B979799-3CD4-42A3-B73F-0106B2E03359}.Ad-Hoc|iPhone.ActiveCfg = Release|x64
		{6B979799-3CD4-42A3-B73F-0106B2E03359}.Ad-Hoc|iPhone.Build.0 = Release|x64
		{6B979799-3CD4-42A3-B73F-0106B2E03359}.Ad-Hoc|iPhone.Deploy.0 = Release|x64
		{6B979799-3CD4-42A3-B73F-0106B2E03359}.Ad-Hoc|iPhoneSimulator.ActiveCfg = Release|x64
		{6B979799-3CD4-42A3-B73F-0106B2E03359}.Ad-Hoc|iPhoneSimulator.Build.0 = Release|x64
		{6B979799-3CD4-42A3-B73F-0106B2E03359}.Ad-Hoc|iPhoneSimulator.Deploy.0 = Release|x64
		{6B979799-3CD4-42A3-B73F-0106B2E03359}.Ad-Hoc|x64.ActiveCfg = Release|x64
		{6B979799-3CD4-42A3-B73F-0106B2E03359}.Ad-Hoc|x64.Build.0 = Release|x64
		{6B979799-3CD4-42A3-B73F-0106B2E03359}.Ad-Hoc|x64.Deploy.0 = Release|x64
		{6B979799-3CD4-42A3-B73F-0106B2E03359}.Ad-Hoc|x86.ActiveCfg = Release|x86
		{6B979799-3CD4-42A3-B73F-0106B2E03359}.Ad-Hoc|x86.Build.0 = Release|x86
		{6B979799-3CD4-42A3-B73F-0106B2E03359}.Ad-Hoc|x86.Deploy.0 = Release|x86
		{6B979799-3CD4-42A3-B73F-0106B2E03359}.AppStore|Any CPU.ActiveCfg = Release|x64
		{6B979799-3CD4-42A3-B73F-0106B2E03359}.AppStore|Any CPU.Build.0 = Release|x64
		{6B979799-3CD4-42A3-B73F-0106B2E03359}.AppStore|Any CPU.Deploy.0 = Release|x64
		{6B979799-3CD4-42A3-B73F-0106B2E03359}.AppStore|ARM.ActiveCfg = Release|ARM
		{6B979799-3CD4-42A3-B73F-0106B2E03359}.AppStore|ARM.Build.0 = Release|ARM
		{6B979799-3CD4-42A3-B73F-0106B2E03359}.AppStore|ARM.Deploy.0 = Release|ARM
		{6B979799-3CD4-42A3-B73F-0106B2E03359}.AppStore|iPhone.ActiveCfg = Release|x64
		{6B979799-3CD4-42A3-B73F-0106B2E03359}.AppStore|iPhone.Build.0 = Release|x64
		{6B979799-3CD4-42A3-B73F-0106B2E03359}.AppStore|iPhone.Deploy.0 = Release|x64
		{6B979799-3CD4-42A3-B73F-0106B2E03359}.AppStore|iPhoneSimulator.ActiveCfg = Release|x64
		{6B979799-3CD4-42A3-B73F-0106B2E03359}.AppStore|iPhoneSimulator.Build.0 = Release|x64
		{6B979799-3CD4-42A3-B73F-0106B2E03359}.AppStore|iPhoneSimulator.Deploy.0 = Release|x64
		{6B979799-3CD4-42A3-B73F-0106B2E03359}.AppStore|x64.ActiveCfg = Release|x64
		{6B979799-3CD4-42A3-B73F-0106B2E03359}.AppStore|x64.Build.0 = Release|x64
		{6B979799-3CD4-42A3-B73F-0106B2E03359}.AppStore|x64.Deploy.0 = Release|x64
		{6B979799-3CD4-42A3-B73F-0106B2E03359}.AppStore|x86.ActiveCfg = Release|x86
		{6B979799-3CD4-42A3-B73F-0106B2E03359}.AppStore|x86.Build.0 = Release|x86
		{6B979799-3CD4-42A3-B73F-0106B2E03359}.AppStore|x86.Deploy.0 = Release|x86
		{6B979799-3CD4-42A3-B73F-0106B2E03359}.Debug|Any CPU.ActiveCfg = Debug|x86
		{6B979799-3CD4-42A3-B73F-0106B2E03359}.Debug|Any CPU.Build.0 = Debug|x86
		{6B979799-3CD4-42A3-B73F-0106B2E03359}.Debug|Any CPU.Deploy.0 = Debug|x86
		{6B979799-3CD4-42A3-B73F-0106B2E03359}.Debug|ARM.ActiveCfg = Debug|ARM
		{6B979799-3CD4-42A3-B73F-0106B2E03359}.Debug|ARM.Build.0 = Debug|ARM
		{6B979799-3CD4-42A3-B73F-0106B2E03359}.Debug|ARM.Deploy.0 = Debug|ARM
		{6B979799-3CD4-42A3-B73F-0106B2E03359}.Debug|iPhone.ActiveCfg = Debug|x86
		{6B979799-3CD4-42A3-B73F-0106B2E03359}.Debug|iPhoneSimulator.ActiveCfg = Debug|x86
		{6B979799-3CD4-42A3-B73F-0106B2E03359}.Debug|iPhoneSimulator.Build.0 = Debug|x86
		{6B979799-3CD4-42A3-B73F-0106B2E03359}.Debug|iPhoneSimulator.Deploy.0 = Debug|x86
		{6B979799-3CD4-42A3-B73F-0106B2E03359}.Debug|x64.ActiveCfg = Debug|x64
		{6B979799-3CD4-42A3-B73F-0106B2E03359}.Debug|x64.Build.0 = Debug|x64
		{6B979799-3CD4-42A3-B73F-0106B2E03359}.Debug|x64.Deploy.0 = Debug|x64
		{6B979799-3CD4-42A3-B73F-0106B2E03359}.Debug|x86.ActiveCfg = Debug|x86
		{6B979799-3CD4-42A3-B73F-0106B2E03359}.Debug|x86.Build.0 = Debug|x86
		{6B979799-3CD4-42A3-B73F-0106B2E03359}.Debug|x86.Deploy.0 = Debug|x86
		{6B979799-3CD4-42A3-B73F-0106B2E03359}.Release|Any CPU.ActiveCfg = Release|x86
		{6B979799-3CD4-42A3-B73F-0106B2E03359}.Release|ARM.ActiveCfg = Release|ARM
		{6B979799-3CD4-42A3-B73F-0106B2E03359}.Release|ARM.Build.0 = Release|ARM
		{6B979799-3CD4-42A3-B73F-0106B2E03359}.Release|ARM.Deploy.0 = Release|ARM
		{6B979799-3CD4-42A3-B73F-0106B2E03359}.Release|iPhone.ActiveCfg = Release|x86
		{6B979799-3CD4-42A3-B73F-0106B2E03359}.Release|iPhoneSimulator.ActiveCfg = Release|x86
		{6B979799-3CD4-42A3-B73F-0106B2E03359}.Release|x64.ActiveCfg = Release|x64
		{6B979799-3CD4-42A3-B73F-0106B2E03359}.Release|x64.Build.0 = Release|x64
		{6B979799-3CD4-42A3-B73F-0106B2E03359}.Release|x64.Deploy.0 = Release|x64
		{6B979799-3CD4-42A3-B73F-0106B2E03359}.Release|x86.ActiveCfg = Release|x86
		{6B979799-3CD4-42A3-B73F-0106B2E03359}.Release|x86.Build.0 = Release|x86
		{6B979799-3CD4-42A3-B73F-0106B2E03359}.Release|x86.Deploy.0 = Release|x86
	EndGlobalSection
	GlobalSection(SolutionProperties) = preSolution
		HideSolutionNode = FALSE
	EndGlobalSection
EndGlobal
